# THIS IS AN AUTOGENERATED FILE. DO NOT EDIT THIS FILE DIRECTLY.
# yarn lockfile v1


"@types/webextension-polyfill@^0.8.2":
  version "0.8.2"
  resolved "https://registry.yarnpkg.com/@types/webextension-polyfill/-/webextension-polyfill-0.8.2.tgz#d909371d332ce3e1a94684624deb0a8693eee900"
  integrity sha512-Pd+p5AQx6s78jr4gDC2p3vbw+uxP2DLLqE9iAJJpZ+OUqDm3txr6uN2wUBEwjVgZTNdBHPsxawGvPCTipF2s6w==

coffeescript@^2.6.1:
  version "2.6.1"
  resolved "https://registry.yarnpkg.com/coffeescript/-/coffeescript-2.6.1.tgz#f9e5d4930e1b8a1c5cfba7f95eebd18694ce58fd"
  integrity sha512-GG5nkF93qII8HmHqnnibkgpp/SV7PSnSPiWsbinwya7nNOe95aE/x2xrKZJFks8Qpko3TNrC+/LahaKgrz5YCg==

typescript@^4.6.2:
  version "4.6.2"
  resolved "https://registry.yarnpkg.com/typescript/-/typescript-4.6.2.tgz#fe12d2727b708f4eef40f51598b3398baa9611d4"
  integrity sha512-HM/hFigTBHZhLXshn9sN37H085+hQGeJHJ/X7LpBWLID/fbc2acUMfU+lGD98X81sKP+pFa9f0DZmCwB9GnbAg==

webextension-polyfill@^0.8.0:
  version "0.8.0"
  resolved "https://registry.yarnpkg.com/webextension-polyfill/-/webextension-polyfill-0.8.0.tgz#f80e9f4b7f81820c420abd6ffbebfa838c60e041"
  integrity sha512-a19+DzlT6Kp9/UI+mF9XQopeZ+n2ussjhxHJ4/pmIGge9ijCDz7Gn93mNnjpZAk95T4Tae8iHZ6sSf869txqiQ==
